{
  "version": 4,
  "terraform_version": "1.9.6",
  "serial": 38,
  "lineage": "a95fe38d-e846-fed2-ac6c-74c7497242d5",
  "outputs": {},
  "resources": [
    {
      "mode": "managed",
      "type": "proxmox_virtual_environment_download_file",
      "name": "talos_nocloud_image",
      "provider": "provider[\"registry.terraform.io/bpg/proxmox\"]",
      "instances": [
        {
          "schema_version": 0,
          "attributes": {
            "checksum": null,
            "checksum_algorithm": null,
            "content_type": "iso",
            "datastore_id": "local",
            "decompression_algorithm": "gz",
            "file_name": "talos-v1.7.6-nocloud-amd64.img",
            "id": "local:iso/talos-v1.7.6-nocloud-amd64.img",
            "node_name": "pve",
            "overwrite": false,
            "overwrite_unmanaged": false,
            "size": 1306525696,
            "upload_timeout": 600,
            "url": "https://factory.talos.dev/image/787b79bb847a07ebb9ae37396d015617266b1cef861107eaec85968ad7b40618/v1.7.6/nocloud-amd64.raw.gz",
            "verify": true
          },
          "sensitive_attributes": []
        }
      ]
    },
    {
      "mode": "managed",
      "type": "proxmox_virtual_environment_vm",
      "name": "talos_worker_01",
      "provider": "provider[\"registry.terraform.io/bpg/proxmox\"]",
      "instances": [
        {
          "schema_version": 0,
          "attributes": {
            "acpi": true,
            "agent": [
              {
                "enabled": true,
                "timeout": "15m",
                "trim": false,
                "type": "virtio"
              }
            ],
            "audio_device": [],
            "bios": "seabios",
            "boot_order": null,
            "cdrom": [],
            "clone": [],
            "cpu": [
              {
                "affinity": "",
                "architecture": "",
                "cores": 2,
                "flags": null,
                "hotplugged": 0,
                "limit": 0,
                "numa": false,
                "sockets": 1,
                "type": "x86-64-v2-AES",
                "units": 1024
              }
            ],
            "description": "Managed by Terraform",
            "disk": [
              {
                "aio": "io_uring",
                "backup": true,
                "cache": "none",
                "datastore_id": "local-lvm",
                "discard": "ignore",
                "file_format": "raw",
                "file_id": "local:iso/talos-v1.7.6-nocloud-amd64.img",
                "interface": "virtio0",
                "iothread": false,
                "path_in_datastore": "vm-109-disk-0",
                "replicate": true,
                "serial": "",
                "size": 6,
                "speed": [],
                "ssd": false
              }
            ],
            "efi_disk": [],
            "hook_script_file_id": null,
            "hostpci": [],
            "id": "109",
            "initialization": [
              {
                "datastore_id": "local-lvm",
                "dns": [],
                "interface": "ide2",
                "ip_config": [
                  {
                    "ipv4": [
                      {
                        "address": "192.168.0.192/24",
                        "gateway": "192.168.0.1"
                      }
                    ],
                    "ipv6": [
                      {
                        "address": "dhcp",
                        "gateway": ""
                      }
                    ]
                  }
                ],
                "meta_data_file_id": "",
                "network_data_file_id": "",
                "type": "",
                "upgrade": false,
                "user_account": [],
                "user_data_file_id": "",
                "vendor_data_file_id": ""
              }
            ],
            "ipv4_addresses": [
              [
                "127.0.0.1"
              ],
              [],
              [],
              [],
              [],
              [],
              [],
              [
                "192.168.0.192"
              ]
            ],
            "ipv6_addresses": [
              [
                "::1"
              ],
              [],
              [],
              [],
              [],
              [],
              [],
              [
                "fe80::be24:11ff:fede:9420"
              ]
            ],
            "keyboard_layout": "en-us",
            "kvm_arguments": "",
            "mac_addresses": [
              "00:00:00:00:00:00",
              "62:ED:0B:AE:F7:E6",
              "66:81:61:C5:90:23",
              "00:00:00:00:00:00",
              "00:00:00:00:00:00",
              "00:00:00:00:00:00",
              "00:00:00:00:00:00",
              "BC:24:11:DE:94:20"
            ],
            "machine": "",
            "memory": [
              {
                "dedicated": 2048,
                "floating": 0,
                "hugepages": "",
                "keep_hugepages": false,
                "shared": 0
              }
            ],
            "migrate": false,
            "name": "talos-master-test--01",
            "network_device": [
              {
                "bridge": "vmbr0",
                "disconnected": false,
                "enabled": true,
                "firewall": false,
                "mac_address": "BC:24:11:DE:94:20",
                "model": "virtio",
                "mtu": 0,
                "queues": 0,
                "rate_limit": 0,
                "trunks": "",
                "vlan_id": 0
              }
            ],
            "network_interface_names": [
              "lo",
              "bond0",
              "dummy0",
              "teql0",
              "tunl0",
              "sit0",
              "ip6tnl0",
              "eth0"
            ],
            "node_name": "pve",
            "numa": [],
            "on_boot": true,
            "operating_system": [
              {
                "type": "l26"
              }
            ],
            "pool_id": null,
            "protection": false,
            "reboot": false,
            "scsi_hardware": "virtio-scsi-pci",
            "serial_device": [],
            "smbios": [],
            "started": true,
            "startup": [],
            "stop_on_destroy": false,
            "tablet_device": true,
            "tags": [
              "test"
            ],
            "template": false,
            "timeout_clone": 1800,
            "timeout_create": 1800,
            "timeout_migrate": 1800,
            "timeout_move_disk": 1800,
            "timeout_reboot": 1800,
            "timeout_shutdown_vm": 1800,
            "timeout_start_vm": 1800,
            "timeout_stop_vm": 300,
            "tpm_state": [],
            "usb": [],
            "vga": [],
            "vm_id": 109,
            "watchdog": []
          },
          "sensitive_attributes": [],
          "private": "bnVsbA==",
          "dependencies": [
            "proxmox_virtual_environment_download_file.talos_nocloud_image"
          ]
        }
      ]
    }
  ],
  "check_results": null
}
